{
  "name": "alice-runtime",
  "version": "0.1.0",
  "lockfileVersion": 3,
  "requires": true,
  "packages": {
    "": {
      "name": "alice-runtime",
      "version": "0.1.0",
      "dependencies": {
        "@ai-sdk/openai": "^3.0.26",
        "@ai-sdk/openai-compatible": "^2.0.30",
        "@gutenye/ocr-node": "^1.4.8",
        "@instructor-ai/instructor": "^1.7.0",
        "@mtcute/dispatcher": "^0.27.8",
        "@mtcute/markdown-parser": "^0.27.9",
        "@mtcute/node": "^0.27.9",
        "ai": "^6.0.79",
        "better-sqlite3": "^11.0.0",
        "citty": "^0.2.1",
        "consola": "^3.4.2",
        "drizzle-orm": "^0.38.0",
        "openai": "^6.32.0",
        "sharp": "^0.34.5",
        "sqlite-better-trigram": "^0.0.5",
        "tyme4ts": "^1.4.2",
        "yaml": "^2.8.2",
        "zod": "^3.24.0"
      },
      "devDependencies": {
        "@biomejs/biome": "^2.3.14",
        "@types/better-sqlite3": "^7.6.0",
        "@types/node": "^22.19.15",
        "drizzle-kit": "^0.30.0",
        "esbuild": "^0.27.3",
        "tsx": "^4.19.0",
        "typescript": "^5.7.0",
        "vitest": "^3.0.0"
      }
    },
    "../node_modules/.pnpm/@ai-sdk+openai-compatible@2.0.37_zod@3.25.76/node_modules/@ai-sdk/openai-compatible": {
      "version": "2.0.37",
      "license": "Apache-2.0",
      "dependencies": {
        "@ai-sdk/provider": "3.0.8",
        "@ai-sdk/provider-utils": "4.0.21"
      },
      "devDependencies": {
        "@ai-sdk/test-server": "1.0.3",
        "@types/node": "20.17.24",
        "@vercel/ai-tsconfig": "0.0.0",
        "tsup": "^8",
        "typescript": "5.8.3",
        "zod": "3.25.76"
      },
      "engines": {
        "node": ">=18"
      },
      "peerDependencies": {
        "zod": "^3.25.76 || ^4.1.8"
      }
    },
    "../node_modules/.pnpm/@ai-sdk+openai@3.0.48_zod@3.25.76/node_modules/@ai-sdk/openai": {
      "version": "3.0.48",
      "license": "Apache-2.0",
      "dependencies": {
        "@ai-sdk/provider": "3.0.8",
        "@ai-sdk/provider-utils": "4.0.21"
      },
      "devDependencies": {
        "@ai-sdk/test-server": "1.0.3",
        "@types/node": "20.17.24",
        "@vercel/ai-tsconfig": "0.0.0",
        "tsup": "^8",
        "typescript": "5.8.3",
        "zod": "3.25.76"
      },
      "engines": {
        "node": ">=18"
      },
      "peerDependencies": {
        "zod": "^3.25.76 || ^4.1.8"
      }
    },
    "../node_modules/.pnpm/@biomejs+biome@2.4.10/node_modules/@biomejs/biome": {
      "version": "2.4.10",
      "dev": true,
      "license": "MIT OR Apache-2.0",
      "bin": {
        "biome": "bin/biome"
      },
      "engines": {
        "node": ">=14.21.3"
      },
      "funding": {
        "type": "opencollective",
        "url": "https://opencollective.com/biome"
      },
      "optionalDependencies": {
        "@biomejs/cli-darwin-arm64": "2.4.10",
        "@biomejs/cli-darwin-x64": "2.4.10",
        "@biomejs/cli-linux-arm64": "2.4.10",
        "@biomejs/cli-linux-arm64-musl": "2.4.10",
        "@biomejs/cli-linux-x64": "2.4.10",
        "@biomejs/cli-linux-x64-musl": "2.4.10",
        "@biomejs/cli-win32-arm64": "2.4.10",
        "@biomejs/cli-win32-x64": "2.4.10"
      }
    },
    "../node_modules/.pnpm/@gutenye+ocr-node@1.4.8/node_modules/@gutenye/ocr-node": {
      "version": "1.4.8",
      "license": "MIT",
      "dependencies": {
        "@gutenye/ocr-common": "^1.2.0",
        "@gutenye/ocr-models": "^1.2.2",
        "onnxruntime-node": "^1.17.3-rev.1",
        "sharp": "^0.33.3"
      }
    },
    "../node_modules/.pnpm/@instructor-ai+instructor@1_75b13480297b78e6528a0e9264775849/node_modules/@instructor-ai/instructor": {
      "version": "1.7.0",
      "license": "MIT",
      "dependencies": {
        "zod-stream": "3.0.0",
        "zod-validation-error": "^3.4.0"
      },
      "devDependencies": {
        "@anthropic-ai/sdk": "0.33.1",
        "@changesets/changelog-github": "^0.5.0",
        "@changesets/cli": "^2.27.1",
        "@ianvs/prettier-plugin-sort-imports": "4.1.0",
        "@types/bun": "^1.0.0",
        "@types/node": "^20.10.6",
        "@typescript-eslint/eslint-plugin": "^7.5.0",
        "@typescript-eslint/parser": "^7.5.0",
        "eslint-config": "^0.3.0",
        "eslint-config-prettier": "^9.0.0",
        "eslint-config-turbo": "^1.10.12",
        "eslint-import-resolver-typescript": "^3.5.5",
        "eslint-plugin-import": "^2.27.5",
        "eslint-plugin-only-warn": "^1.1.0",
        "eslint-plugin-prettier": "^5.1.2",
        "husky": "^8.0.3",
        "llm-polyglot": "2.5.0",
        "openai": "4.78.1",
        "prettier": "latest",
        "ts-inference-check": "^0.3.0",
        "tsup": "^8.0.1",
        "typescript": "^5.2.2"
      },
      "peerDependencies": {
        "openai": ">=4.58.0",
        "zod": ">=3.23.8"
      }
    },
    "../node_modules/.pnpm/@mtcute+dispatcher@0.27.9/node_modules/@mtcute/dispatcher": {
      "version": "0.27.9",
      "license": "MIT",
      "dependencies": {
        "@fuman/utils": "0.0.19",
        "@mtcute/core": "^0.27.9"
      }
    },
    "../node_modules/.pnpm/@mtcute+markdown-parser@0.27.9/node_modules/@mtcute/markdown-parser": {
      "version": "0.27.9",
      "license": "MIT",
      "dependencies": {
        "@mtcute/core": "^0.27.9",
        "long": "5.2.3"
      }
    },
    "../node_modules/.pnpm/@mtcute+node@0.27.9/node_modules/@mtcute/node": {
      "version": "0.27.9",
      "license": "MIT",
      "dependencies": {
        "@fuman/net": "0.0.19",
        "@fuman/node": "0.0.19",
        "@fuman/utils": "0.0.19",
        "@mtcute/core": "^0.27.9",
        "@mtcute/html-parser": "^0.27.9",
        "@mtcute/markdown-parser": "^0.27.9",
        "@mtcute/wasm": "^0.27.8",
        "better-sqlite3": "^12.4.1"
      }
    },
    "../node_modules/.pnpm/@types+better-sqlite3@7.6.13/node_modules/@types/better-sqlite3": {
      "version": "7.6.13",
      "dev": true,
      "license": "MIT",
      "dependencies": {
        "@types/node": "*"
      }
    },
    "../node_modules/.pnpm/ai@6.0.141_zod@3.25.76/node_modules/ai": {
      "version": "6.0.141",
      "license": "Apache-2.0",
      "dependencies": {
        "@ai-sdk/gateway": "3.0.83",
        "@ai-sdk/provider": "3.0.8",
        "@ai-sdk/provider-utils": "4.0.21",
        "@opentelemetry/api": "1.9.0"
      },
      "devDependencies": {
        "@ai-sdk/test-server": "1.0.3",
        "@edge-runtime/vm": "^5.0.0",
        "@types/json-schema": "7.0.15",
        "@types/node": "20.17.24",
        "@vercel/ai-tsconfig": "0.0.0",
        "esbuild": "^0.24.2",
        "tsup": "^7.2.0",
        "tsx": "^4.19.2",
        "typescript": "5.8.3",
        "zod": "3.25.76"
      },
      "engines": {
        "node": ">=18"
      },
      "peerDependencies": {
        "zod": "^3.25.76 || ^4.1.8"
      }
    },
    "../node_modules/.pnpm/better-sqlite3@11.10.0/node_modules/better-sqlite3": {
      "version": "11.10.0",
      "hasInstallScript": true,
      "license": "MIT",
      "dependencies": {
        "bindings": "^1.5.0",
        "prebuild-install": "^7.1.1"
      },
      "devDependencies": {
        "chai": "^4.3.8",
        "cli-color": "^2.0.3",
        "fs-extra": "^11.1.1",
        "mocha": "^10.2.0",
        "nodemark": "^0.3.0",
        "prebuild": "^13.0.1",
        "sqlite": "^5.0.1",
        "sqlite3": "^5.1.6"
      }
    },
    "../node_modules/.pnpm/citty@0.2.1/node_modules/citty": {
      "version": "0.2.1",
      "license": "MIT",
      "devDependencies": {
        "@types/node": "^25.2.3",
        "@typescript/native-preview": "7.0.0-dev.20260212.1",
        "@vitest/coverage-v8": "^4.0.18",
        "automd": "^0.4.3",
        "changelogen": "^0.6.2",
        "eslint-config-unjs": "^0.6.2",
        "obuild": "^0.4.27",
        "oxfmt": "^0.32.0",
        "oxlint": "^1.47.0",
        "scule": "^1.3.0",
        "typescript": "^5.9.3",
        "vitest": "^4.0.18"
      }
    },
    "../node_modules/.pnpm/consola@3.4.2/node_modules/consola": {
      "version": "3.4.2",
      "license": "MIT",
      "devDependencies": {
        "@clack/prompts": "^0.10.0",
        "@types/node": "^22.13.10",
        "@vitest/coverage-v8": "^3.0.9",
        "changelogen": "^0.6.1",
        "defu": "^6.1.4",
        "eslint": "^9.22.0",
        "eslint-config-unjs": "^0.4.2",
        "is-unicode-supported": "^2.1.0",
        "prettier": "^3.5.3",
        "sentencer": "^0.2.1",
        "std-env": "^3.8.1",
        "string-width": "^7.2.0",
        "typescript": "^5.8.2",
        "unbuild": "^3.5.0",
        "vitest": "^3.0.9"
      },
      "engines": {
        "node": "^14.18.0 || >=16.10.0"
      }
    },
    "../node_modules/.pnpm/drizzle-kit@0.30.6/node_modules/drizzle-kit": {
      "version": "0.30.6",
      "dev": true,
      "license": "MIT",
      "dependencies": {
        "@drizzle-team/brocli": "^0.10.2",
        "@esbuild-kit/esm-loader": "^2.5.5",
        "esbuild": "^0.19.7",
        "esbuild-register": "^3.5.0",
        "gel": "^2.0.0"
      },
      "bin": {
        "drizzle-kit": "bin.cjs"
      },
      "devDependencies": {
        "@arethetypeswrong/cli": "^0.15.3",
        "@aws-sdk/client-rds-data": "^3.556.0",
        "@cloudflare/workers-types": "^4.20230518.0",
        "@electric-sql/pglite": "^0.2.12",
        "@hono/node-server": "^1.9.0",
        "@hono/zod-validator": "^0.2.1",
        "@libsql/client": "^0.10.0",
        "@neondatabase/serverless": "^0.9.1",
        "@originjs/vite-plugin-commonjs": "^1.0.3",
        "@planetscale/database": "^1.16.0",
        "@types/better-sqlite3": "^7.6.4",
        "@types/dockerode": "^3.3.28",
        "@types/glob": "^8.1.0",
        "@types/json-diff": "^1.0.3",
        "@types/micromatch": "^4.0.9",
        "@types/minimatch": "^5.1.2",
        "@types/node": "^18.11.15",
        "@types/pg": "^8.10.7",
        "@types/pluralize": "^0.0.33",
        "@types/semver": "^7.5.5",
        "@types/uuid": "^9.0.8",
        "@types/ws": "^8.5.10",
        "@typescript-eslint/eslint-plugin": "^7.2.0",
        "@typescript-eslint/parser": "^7.2.0",
        "@vercel/postgres": "^0.8.0",
        "ava": "^5.1.0",
        "better-sqlite3": "^9.4.3",
        "bun-types": "^0.6.6",
        "camelcase": "^7.0.1",
        "chalk": "^5.2.0",
        "commander": "^12.1.0",
        "dockerode": "^3.3.4",
        "dotenv": "^16.0.3",
        "drizzle-kit": "0.25.0-b1faa33",
        "drizzle-orm": "workspace:./drizzle-orm/dist",
        "env-paths": "^3.0.0",
        "esbuild-node-externals": "^1.9.0",
        "eslint": "^8.57.0",
        "eslint-config-prettier": "^9.1.0",
        "eslint-plugin-prettier": "^5.1.3",
        "get-port": "^6.1.2",
        "glob": "^8.1.0",
        "hanji": "^0.0.5",
        "hono": "^4.1.5",
        "json-diff": "1.0.6",
        "micromatch": "^4.0.8",
        "minimatch": "^7.4.3",
        "mysql2": "3.3.3",
        "node-fetch": "^3.3.2",
        "ohm-js": "^17.1.0",
        "pg": "^8.11.5",
        "pluralize": "^8.0.0",
        "postgres": "^3.4.4",
        "prettier": "^2.8.1",
        "semver": "^7.5.4",
        "superjson": "^2.2.1",
        "tsup": "^8.0.2",
        "tsx": "^3.12.1",
        "typescript": "^5.6.3",
        "uuid": "^9.0.1",
        "vite-tsconfig-paths": "^4.3.2",
        "vitest": "^1.4.0",
        "wrangler": "^3.22.1",
        "ws": "^8.16.0",
        "zod": "^3.20.2",
        "zx": "^8.3.2"
      }
    },
    "../node_modules/.pnpm/drizzle-orm@0.38.4_@opentel_6ee60f47a2b114e4dcbe68966e5aec73/node_modules/drizzle-orm": {
      "version": "0.38.4",
      "license": "Apache-2.0",
      "devDependencies": {
        "@aws-sdk/client-rds-data": "^3.549.0",
        "@cloudflare/workers-types": "^4.20241112.0",
        "@electric-sql/pglite": "^0.2.12",
        "@libsql/client": "^0.10.0",
        "@libsql/client-wasm": "^0.10.0",
        "@miniflare/d1": "^2.14.4",
        "@neondatabase/serverless": "^0.10.0",
        "@op-engineering/op-sqlite": "^2.0.16",
        "@opentelemetry/api": "^1.4.1",
        "@originjs/vite-plugin-commonjs": "^1.0.3",
        "@planetscale/database": "^1.16.0",
        "@prisma/client": "5.14.0",
        "@tidbcloud/serverless": "^0.1.1",
        "@types/better-sqlite3": "^7.6.4",
        "@types/node": "^20.2.5",
        "@types/pg": "^8.10.1",
        "@types/react": "^18.2.45",
        "@types/sql.js": "^1.4.4",
        "@vercel/postgres": "^0.8.0",
        "@xata.io/client": "^0.29.3",
        "better-sqlite3": "^8.4.0",
        "bun-types": "^0.6.6",
        "cpy": "^10.1.0",
        "expo-sqlite": "^14.0.0",
        "knex": "^2.4.2",
        "kysely": "^0.25.0",
        "mysql2": "^3.3.3",
        "pg": "^8.11.0",
        "postgres": "^3.3.5",
        "prisma": "5.14.0",
        "react": "^18.2.0",
        "sql.js": "^1.8.0",
        "sqlite3": "^5.1.2",
        "tslib": "^2.5.2",
        "tsx": "^3.12.7",
        "vite-tsconfig-paths": "^4.3.2",
        "vitest": "^1.6.0",
        "zod": "^3.20.2",
        "zx": "^7.2.2"
      },
      "peerDependencies": {
        "@aws-sdk/client-rds-data": ">=3",
        "@cloudflare/workers-types": ">=4",
        "@electric-sql/pglite": ">=0.2.0",
        "@libsql/client": ">=0.10.0",
        "@libsql/client-wasm": ">=0.10.0",
        "@neondatabase/serverless": ">=0.10.0",
        "@op-engineering/op-sqlite": ">=2",
        "@opentelemetry/api": "^1.4.1",
        "@planetscale/database": ">=1",
        "@prisma/client": "*",
        "@tidbcloud/serverless": "*",
        "@types/better-sqlite3": "*",
        "@types/pg": "*",
        "@types/react": ">=18",
        "@types/sql.js": "*",
        "@vercel/postgres": ">=0.8.0",
        "@xata.io/client": "*",
        "better-sqlite3": ">=7",
        "bun-types": "*",
        "expo-sqlite": ">=14.0.0",
        "knex": "*",
        "kysely": "*",
        "mysql2": ">=2",
        "pg": ">=8",
        "postgres": ">=3",
        "react": ">=18",
        "sql.js": ">=1",
        "sqlite3": ">=5"
      },
      "peerDependenciesMeta": {
        "@aws-sdk/client-rds-data": {
          "optional": true
        },
        "@cloudflare/workers-types": {
          "optional": true
        },
        "@electric-sql/pglite": {
          "optional": true
        },
        "@libsql/client": {
          "optional": true
        },
        "@libsql/client-wasm": {
          "optional": true
        },
        "@neondatabase/serverless": {
          "optional": true
        },
        "@op-engineering/op-sqlite": {
          "optional": true
        },
        "@opentelemetry/api": {
          "optional": true
        },
        "@planetscale/database": {
          "optional": true
        },
        "@prisma/client": {
          "optional": true
        },
        "@tidbcloud/serverless": {
          "optional": true
        },
        "@types/better-sqlite3": {
          "optional": true
        },
        "@types/pg": {
          "optional": true
        },
        "@types/react": {
          "optional": true
        },
        "@types/sql.js": {
          "optional": true
        },
        "@vercel/postgres": {
          "optional": true
        },
        "@xata.io/client": {
          "optional": true
        },
        "better-sqlite3": {
          "optional": true
        },
        "bun-types": {
          "optional": true
        },
        "expo-sqlite": {
          "optional": true
        },
        "knex": {
          "optional": true
        },
        "kysely": {
          "optional": true
        },
        "mysql2": {
          "optional": true
        },
        "pg": {
          "optional": true
        },
        "postgres": {
          "optional": true
        },
        "prisma": {
          "optional": true
        },
        "react": {
          "optional": true
        },
        "sql.js": {
          "optional": true
        },
        "sqlite3": {
          "optional": true
        }
      }
    },
    "../node_modules/.pnpm/esbuild@0.27.4/node_modules/esbuild": {
      "version": "0.27.4",
      "dev": true,
      "hasInstallScript": true,
      "license": "MIT",
      "bin": {
        "esbuild": "bin/esbuild"
      },
      "engines": {
        "node": ">=18"
      },
      "optionalDependencies": {
        "@esbuild/aix-ppc64": "0.27.4",
        "@esbuild/android-arm": "0.27.4",
        "@esbuild/android-arm64": "0.27.4",
        "@esbuild/android-x64": "0.27.4",
        "@esbuild/darwin-arm64": "0.27.4",
        "@esbuild/darwin-x64": "0.27.4",
        "@esbuild/freebsd-arm64": "0.27.4",
        "@esbuild/freebsd-x64": "0.27.4",
        "@esbuild/linux-arm": "0.27.4",
        "@esbuild/linux-arm64": "0.27.4",
        "@esbuild/linux-ia32": "0.27.4",
        "@esbuild/linux-loong64": "0.27.4",
        "@esbuild/linux-mips64el": "0.27.4",
        "@esbuild/linux-ppc64": "0.27.4",
        "@esbuild/linux-riscv64": "0.27.4",
        "@esbuild/linux-s390x": "0.27.4",
        "@esbuild/linux-x64": "0.27.4",
        "@esbuild/netbsd-arm64": "0.27.4",
        "@esbuild/netbsd-x64": "0.27.4",
        "@esbuild/openbsd-arm64": "0.27.4",
        "@esbuild/openbsd-x64": "0.27.4",
        "@esbuild/openharmony-arm64": "0.27.4",
        "@esbuild/sunos-x64": "0.27.4",
        "@esbuild/win32-arm64": "0.27.4",
        "@esbuild/win32-ia32": "0.27.4",
        "@esbuild/win32-x64": "0.27.4"
      }
    },
    "../node_modules/.pnpm/openai@6.33.0_zod@3.25.76/node_modules/openai": {
      "version": "6.33.0",
      "license": "Apache-2.0",
      "bin": {
        "openai": "bin/cli"
      },
      "peerDependencies": {
        "ws": "^8.18.0",
        "zod": "^3.25 || ^4.0"
      },
      "peerDependenciesMeta": {
        "ws": {
          "optional": true
        },
        "zod": {
          "optional": true
        }
      }
    },
    "../node_modules/.pnpm/sharp@0.34.5/node_modules/sharp": {
      "version": "0.34.5",
      "hasInstallScript": true,
      "license": "Apache-2.0",
      "dependencies": {
        "@img/colour": "^1.0.0",
        "detect-libc": "^2.1.2",
        "semver": "^7.7.3"
      },
      "devDependencies": {
        "@biomejs/biome": "^2.3.4",
        "@cpplint/cli": "^0.1.0",
        "@emnapi/runtime": "^1.7.0",
        "@img/sharp-libvips-dev": "1.2.4",
        "@img/sharp-libvips-dev-wasm32": "1.2.4",
        "@img/sharp-libvips-win32-arm64": "1.2.4",
        "@img/sharp-libvips-win32-ia32": "1.2.4",
        "@img/sharp-libvips-win32-x64": "1.2.4",
        "@types/node": "*",
        "emnapi": "^1.7.0",
        "exif-reader": "^2.0.2",
        "extract-zip": "^2.0.1",
        "icc": "^3.0.0",
        "jsdoc-to-markdown": "^9.1.3",
        "node-addon-api": "^8.5.0",
        "node-gyp": "^11.5.0",
        "tar-fs": "^3.1.1",
        "tsd": "^0.33.0"
      },
      "engines": {
        "node": "^18.17.0 || ^20.3.0 || >=21.0.0"
      },
      "funding": {
        "url": "https://opencollective.com/libvips"
      },
      "optionalDependencies": {
        "@img/sharp-darwin-arm64": "0.34.5",
        "@img/sharp-darwin-x64": "0.34.5",
        "@img/sharp-libvips-darwin-arm64": "1.2.4",
        "@img/sharp-libvips-darwin-x64": "1.2.4",
        "@img/sharp-libvips-linux-arm": "1.2.4",
        "@img/sharp-libvips-linux-arm64": "1.2.4",
        "@img/sharp-libvips-linux-ppc64": "1.2.4",
        "@img/sharp-libvips-linux-riscv64": "1.2.4",
        "@img/sharp-libvips-linux-s390x": "1.2.4",
        "@img/sharp-libvips-linux-x64": "1.2.4",
        "@img/sharp-libvips-linuxmusl-arm64": "1.2.4",
        "@img/sharp-libvips-linuxmusl-x64": "1.2.4",
        "@img/sharp-linux-arm": "0.34.5",
        "@img/sharp-linux-arm64": "0.34.5",
        "@img/sharp-linux-ppc64": "0.34.5",
        "@img/sharp-linux-riscv64": "0.34.5",
        "@img/sharp-linux-s390x": "0.34.5",
        "@img/sharp-linux-x64": "0.34.5",
        "@img/sharp-linuxmusl-arm64": "0.34.5",
        "@img/sharp-linuxmusl-x64": "0.34.5",
        "@img/sharp-wasm32": "0.34.5",
        "@img/sharp-win32-arm64": "0.34.5",
        "@img/sharp-win32-ia32": "0.34.5",
        "@img/sharp-win32-x64": "0.34.5"
      }
    },
    "../node_modules/.pnpm/sqlite-better-trigram@0.0.5/node_modules/sqlite-better-trigram": {
      "version": "0.0.5",
      "license": "Public Domain",
      "optionalDependencies": {
        "sqlite-better-trigram-darwin-arm64": "0.0.5",
        "sqlite-better-trigram-darwin-x64": "0.0.5",
        "sqlite-better-trigram-linux-arm64": "0.0.5",
        "sqlite-better-trigram-linux-x64": "0.0.5",
        "sqlite-better-trigram-windows-arm64": "0.0.5",
        "sqlite-better-trigram-windows-x64": "0.0.5"
      }
    },
    "../node_modules/.pnpm/tsx@4.21.0/node_modules/tsx": {
      "version": "4.21.0",
      "dev": true,
      "license": "MIT",
      "dependencies": {
        "esbuild": "~0.27.0",
        "get-tsconfig": "^4.7.5"
      },
      "bin": {
        "tsx": "dist/cli.mjs"
      },
      "engines": {
        "node": ">=18.0.0"
      },
      "optionalDependencies": {
        "fsevents": "~2.3.3"
      }
    },
    "../node_modules/.pnpm/tyme4ts@1.4.5/node_modules/tyme4ts": {
      "version": "1.4.5",
      "license": "MIT",
      "devDependencies": {
        "@testdeck/mocha": "^0.3.3",
        "@types/mocha": "^10.0.10",
        "@types/node": "^22.10.10",
        "@typescript-eslint/eslint-plugin": "^8.21.0",
        "@typescript-eslint/parser": "^8.21.0",
        "eslint": "^9.26.0",
        "globals": "^15.14.0",
        "mocha": "^11.1.0",
        "ts-node": "^10.9.2",
        "typescript": "^5.7.3",
        "typescript-eslint": "^8.21.0",
        "unbuild": "^3.3.1"
      }
    },
    "../node_modules/.pnpm/typescript@5.9.3/node_modules/typescript": {
      "version": "5.9.3",
      "dev": true,
      "license": "Apache-2.0",
      "bin": {
        "tsc": "bin/tsc",
        "tsserver": "bin/tsserver"
      },
      "devDependencies": {
        "@dprint/formatter": "^0.4.1",
        "@dprint/typescript": "0.93.4",
        "@esfx/canceltoken": "^1.0.0",
        "@eslint/js": "^9.20.0",
        "@octokit/rest": "^21.1.1",
        "@types/chai": "^4.3.20",
        "@types/diff": "^7.0.1",
        "@types/minimist": "^1.2.5",
        "@types/mocha": "^10.0.10",
        "@types/ms": "^0.7.34",
        "@types/node": "latest",
        "@types/source-map-support": "^0.5.10",
        "@types/which": "^3.0.4",
        "@typescript-eslint/rule-tester": "^8.24.1",
        "@typescript-eslint/type-utils": "^8.24.1",
        "@typescript-eslint/utils": "^8.24.1",
        "azure-devops-node-api": "^14.1.0",
        "c8": "^10.1.3",
        "chai": "^4.5.0",
        "chokidar": "^4.0.3",
        "diff": "^7.0.0",
        "dprint": "^0.49.0",
        "esbuild": "^0.25.0",
        "eslint": "^9.20.1",
        "eslint-formatter-autolinkable-stylish": "^1.4.0",
        "eslint-plugin-regexp": "^2.7.0",
        "fast-xml-parser": "^4.5.2",
        "glob": "^10.4.5",
        "globals": "^15.15.0",
        "hereby": "^1.10.0",
        "jsonc-parser": "^3.3.1",
        "knip": "^5.44.4",
        "minimist": "^1.2.8",
        "mocha": "^10.8.2",
        "mocha-fivemat-progress-reporter": "^0.1.0",
        "monocart-coverage-reports": "^2.12.1",
        "ms": "^2.1.3",
        "picocolors": "^1.1.1",
        "playwright": "^1.50.1",
        "source-map-support": "^0.5.21",
        "tslib": "^2.8.1",
        "typescript": "^5.7.3",
        "typescript-eslint": "^8.24.1",
        "which": "^3.0.1"
      },
      "engines": {
        "node": ">=14.17"
      }
    },
    "../node_modules/.pnpm/vitest@3.2.4_@types+node@22.19.15_tsx@4.21.0_yaml@2.8.3/node_modules/vitest": {
      "version": "3.2.4",
      "dev": true,
      "license": "MIT",
      "dependencies": {
        "@types/chai": "^5.2.2",
        "@vitest/expect": "3.2.4",
        "@vitest/mocker": "3.2.4",
        "@vitest/pretty-format": "^3.2.4",
        "@vitest/runner": "3.2.4",
        "@vitest/snapshot": "3.2.4",
        "@vitest/spy": "3.2.4",
        "@vitest/utils": "3.2.4",
        "chai": "^5.2.0",
        "debug": "^4.4.1",
        "expect-type": "^1.2.1",
        "magic-string": "^0.30.17",
        "pathe": "^2.0.3",
        "picomatch": "^4.0.2",
        "std-env": "^3.9.0",
        "tinybench": "^2.9.0",
        "tinyexec": "^0.3.2",
        "tinyglobby": "^0.2.14",
        "tinypool": "^1.1.1",
        "tinyrainbow": "^2.0.0",
        "vite": "^5.0.0 || ^6.0.0 || ^7.0.0-0",
        "vite-node": "3.2.4",
        "why-is-node-running": "^2.3.0"
      },
      "bin": {
        "vitest": "vitest.mjs"
      },
      "devDependencies": {
        "@ampproject/remapping": "^2.3.0",
        "@antfu/install-pkg": "^1.1.0",
        "@edge-runtime/vm": "^5.0.0",
        "@sinonjs/fake-timers": "14.0.0",
        "@types/debug": "^4.1.12",
        "@types/estree": "^1.0.8",
        "@types/istanbul-lib-coverage": "^2.0.6",
        "@types/istanbul-reports": "^3.0.4",
        "@types/jsdom": "^21.1.7",
        "@types/mime": "^4.0.0",
        "@types/node": "^22.15.32",
        "@types/picomatch": "^4.0.0",
        "@types/prompts": "^2.4.9",
        "@types/sinonjs__fake-timers": "^8.1.5",
        "acorn-walk": "^8.3.4",
        "birpc": "2.4.0",
        "cac": "^6.7.14",
        "chai-subset": "^1.6.0",
        "find-up": "^6.3.0",
        "flatted": "^3.3.3",
        "happy-dom": "^17.6.3",
        "jsdom": "^26.1.0",
        "local-pkg": "^1.1.1",
        "mime": "^4.0.7",
        "pretty-format": "^29.7.0",
        "prompts": "^2.4.2",
        "strip-literal": "^3.0.0",
        "ws": "^8.18.2"
      },
      "engines": {
        "node": "^18.0.0 || ^20.0.0 || >=22.0.0"
      },
      "funding": {
        "url": "https://opencollective.com/vitest"
      },
      "peerDependencies": {
        "@edge-runtime/vm": "*",
        "@types/debug": "^4.1.12",
        "@types/node": "^18.0.0 || ^20.0.0 || >=22.0.0",
        "@vitest/browser": "3.2.4",
        "@vitest/ui": "3.2.4",
        "happy-dom": "*",
        "jsdom": "*"
      },
      "peerDependenciesMeta": {
        "@edge-runtime/vm": {
          "optional": true
        },
        "@types/debug": {
          "optional": true
        },
        "@types/node": {
          "optional": true
        },
        "@vitest/browser": {
          "optional": true
        },
        "@vitest/ui": {
          "optional": true
        },
        "happy-dom": {
          "optional": true
        },
        "jsdom": {
          "optional": true
        }
      }
    },
    "../node_modules/.pnpm/yaml@2.8.3/node_modules/yaml": {
      "version": "2.8.3",
      "license": "ISC",
      "bin": {
        "yaml": "bin.mjs"
      },
      "devDependencies": {
        "@babel/core": "^7.12.10",
        "@babel/plugin-transform-typescript": "^7.12.17",
        "@babel/preset-env": "^7.12.11",
        "@eslint/js": "^9.9.1",
        "@rollup/plugin-babel": "^6.0.3",
        "@rollup/plugin-replace": "^6.0.3",
        "@rollup/plugin-typescript": "^12.1.1",
        "@types/jest": "^29.2.4",
        "@types/node": "^20.11.20",
        "babel-jest": "^29.0.1",
        "eslint": "^9.9.1",
        "eslint-config-prettier": "^10.1.8",
        "fast-check": "^2.12.0",
        "jest": "^29.0.1",
        "jest-resolve": "^29.7.0",
        "jest-ts-webcompat-resolver": "^1.0.0",
        "prettier": "^3.0.2",
        "rollup": "^4.12.0",
        "tslib": "^2.8.1",
        "typescript": "^5.7.2",
        "typescript-eslint": "^8.4.0"
      },
      "engines": {
        "node": ">= 14.6"
      },
      "funding": {
        "url": "https://github.com/sponsors/eemeli"
      }
    },
    "../node_modules/.pnpm/zod@3.25.76/node_modules/zod": {
      "version": "3.25.76",
      "license": "MIT",
      "funding": {
        "url": "https://github.com/sponsors/colinhacks"
      }
    },
    "node_modules/@ai-sdk/openai": {
      "resolved": "../node_modules/.pnpm/@ai-sdk+openai@3.0.48_zod@3.25.76/node_modules/@ai-sdk/openai",
      "link": true
    },
    "node_modules/@ai-sdk/openai-compatible": {
      "resolved": "../node_modules/.pnpm/@ai-sdk+openai-compatible@2.0.37_zod@3.25.76/node_modules/@ai-sdk/openai-compatible",
      "link": true
    },
    "node_modules/@biomejs/biome": {
      "resolved": "../node_modules/.pnpm/@biomejs+biome@2.4.10/node_modules/@biomejs/biome",
      "link": true
    },
    "node_modules/@gutenye/ocr-node": {
      "resolved": "../node_modules/.pnpm/@gutenye+ocr-node@1.4.8/node_modules/@gutenye/ocr-node",
      "link": true
    },
    "node_modules/@instructor-ai/instructor": {
      "resolved": "../node_modules/.pnpm/@instructor-ai+instructor@1_75b13480297b78e6528a0e9264775849/node_modules/@instructor-ai/instructor",
      "link": true
    },
    "node_modules/@mtcute/dispatcher": {
      "resolved": "../node_modules/.pnpm/@mtcute+dispatcher@0.27.9/node_modules/@mtcute/dispatcher",
      "link": true
    },
    "node_modules/@mtcute/markdown-parser": {
      "resolved": "../node_modules/.pnpm/@mtcute+markdown-parser@0.27.9/node_modules/@mtcute/markdown-parser",
      "link": true
    },
    "node_modules/@mtcute/node": {
      "resolved": "../node_modules/.pnpm/@mtcute+node@0.27.9/node_modules/@mtcute/node",
      "link": true
    },
    "node_modules/@types/better-sqlite3": {
      "resolved": "../node_modules/.pnpm/@types+better-sqlite3@7.6.13/node_modules/@types/better-sqlite3",
      "link": true
    },
    "node_modules/@types/node": {
      "version": "22.19.15",
      "resolved": "https://registry.npmjs.org/@types/node/-/node-22.19.15.tgz",
      "integrity": "sha512-F0R/h2+dsy5wJAUe3tAU6oqa2qbWY5TpNfL/RGmo1y38hiyO1w3x2jPtt76wmuaJI4DQnOBu21cNXQ2STIUUWg==",
      "dev": true,
      "license": "MIT",
      "dependencies": {
        "undici-types": "~6.21.0"
      }
    },
    "node_modules/ai": {
      "resolved": "../node_modules/.pnpm/ai@6.0.141_zod@3.25.76/node_modules/ai",
      "link": true
    },
    "node_modules/better-sqlite3": {
      "resolved": "../node_modules/.pnpm/better-sqlite3@11.10.0/node_modules/better-sqlite3",
      "link": true
    },
    "node_modules/citty": {
      "resolved": "../node_modules/.pnpm/citty@0.2.1/node_modules/citty",
      "link": true
    },
    "node_modules/consola": {
      "resolved": "../node_modules/.pnpm/consola@3.4.2/node_modules/consola",
      "link": true
    },
    "node_modules/drizzle-kit": {
      "resolved": "../node_modules/.pnpm/drizzle-kit@0.30.6/node_modules/drizzle-kit",
      "link": true
    },
    "node_modules/drizzle-orm": {
      "resolved": "../node_modules/.pnpm/drizzle-orm@0.38.4_@opentel_6ee60f47a2b114e4dcbe68966e5aec73/node_modules/drizzle-orm",
      "link": true
    },
    "node_modules/esbuild": {
      "resolved": "../node_modules/.pnpm/esbuild@0.27.4/node_modules/esbuild",
      "link": true
    },
    "node_modules/openai": {
      "resolved": "../node_modules/.pnpm/openai@6.33.0_zod@3.25.76/node_modules/openai",
      "link": true
    },
    "node_modules/sharp": {
      "resolved": "../node_modules/.pnpm/sharp@0.34.5/node_modules/sharp",
      "link": true
    },
    "node_modules/sqlite-better-trigram": {
      "resolved": "../node_modules/.pnpm/sqlite-better-trigram@0.0.5/node_modules/sqlite-better-trigram",
      "link": true
    },
    "node_modules/tsx": {
      "resolved": "../node_modules/.pnpm/tsx@4.21.0/node_modules/tsx",
      "link": true
    },
    "node_modules/tyme4ts": {
      "resolved": "../node_modules/.pnpm/tyme4ts@1.4.5/node_modules/tyme4ts",
      "link": true
    },
    "node_modules/typescript": {
      "resolved": "../node_modules/.pnpm/typescript@5.9.3/node_modules/typescript",
      "link": true
    },
    "node_modules/undici-types": {
      "version": "6.21.0",
      "resolved": "https://registry.npmjs.org/undici-types/-/undici-types-6.21.0.tgz",
      "integrity": "sha512-iwDZqg0QAGrg9Rav5H4n0M64c3mkR59cJ6wQp+7C4nI0gsmExaedaYLNO44eT4AtBBwjbTiGPMlt2Md0T9H9JQ==",
      "dev": true,
      "license": "MIT"
    },
    "node_modules/vitest": {
      "resolved": "../node_modules/.pnpm/vitest@3.2.4_@types+node@22.19.15_tsx@4.21.0_yaml@2.8.3/node_modules/vitest",
      "link": true
    },
    "node_modules/yaml": {
      "resolved": "../node_modules/.pnpm/yaml@2.8.3/node_modules/yaml",
      "link": true
    },
    "node_modules/zod": {
      "resolved": "../node_modules/.pnpm/zod@3.25.76/node_modules/zod",
      "link": true
    }
  }
}
